{
  "version": "3",
  "packages": {
    "specifiers": {
      "jsr:@gnome/char@^0.0.0": "jsr:@gnome/char@0.0.0",
      "jsr:@gnome/errors@^0.0.0": "jsr:@gnome/errors@0.0.0",
      "jsr:@gnome/os-constants@^0.0.0": "jsr:@gnome/os-constants@0.0.0",
      "jsr:@gnome/runtime-info@^0.0.0": "jsr:@gnome/runtime-info@0.0.0",
      "jsr:@gnome/strings@^0.1.0": "jsr:@gnome/strings@0.1.0",
      "jsr:@rt/message-bus@^0.0.0": "jsr:@rt/message-bus@0.0.0",
      "jsr:@std/assert@0.225.3": "jsr:@std/assert@0.225.3",
      "jsr:@std/internal@^1.0.0": "jsr:@std/internal@1.0.0"
    },
    "jsr": {
      "@gnome/char@0.0.0": {
        "integrity": "e4791f67aa6b8e32e603b3e2fd21a3f1d0b4c9a2ac9465ff22a71c8476b24be5",
        "dependencies": [
          "jsr:@gnome/errors@^0.0.0"
        ]
      },
      "@gnome/errors@0.0.0": {
        "integrity": "d288a695ea6f368082435382245d69366a26ebae707a78fc573eb6996c55185e"
      },
      "@gnome/os-constants@0.0.0": {
        "integrity": "46f1ac1ddaef0d55fc03d256ec6ee6441918910b0c65c97afaf9ec8ced0f8087",
        "dependencies": [
          "jsr:@gnome/runtime-info@^0.0.0"
        ]
      },
      "@gnome/runtime-info@0.0.0": {
        "integrity": "f803de221c579a7e9e3391949e458895ea4c5620561961598efd91b581e58cfd"
      },
      "@gnome/strings@0.1.0": {
        "integrity": "67445d4a81188a988e48e8bef8afa7b7c1099b3430a0871a15ee8f5d81368089",
        "dependencies": [
          "jsr:@gnome/errors@^0.0.0",
          "jsr:@gnome/os-constants@^0.0.0"
        ]
      },
      "@rt/message-bus@0.0.0": {
        "integrity": "6fcf96f1fcce7794213bf5221ce78274e35b76043e66151863273bfa9ad2c8b0"
      },
      "@std/assert@0.225.3": {
        "integrity": "b3c2847aecf6955b50644cdb9cf072004ea3d1998dd7579fc0acb99dbb23bd4f",
        "dependencies": [
          "jsr:@std/internal@^1.0.0"
        ]
      },
      "@std/internal@1.0.0": {
        "integrity": "ac6a6dfebf838582c4b4f61a6907374e27e05bedb6ce276e0f1608fe84e7cd9a"
      }
    }
  },
  "remote": {},
  "workspace": {
    "dependencies": [
      "jsr:@gnome/char@^0.0.0",
      "jsr:@gnome/strings@^0.1.0",
      "jsr:@rt/message-bus@^0.0.0"
    ]
  }
}
